
Microsoft Visual Studio Solution File, Format Version 12.00
# Visual Studio Version 16
VisualStudioVersion = 16.0.29215.179
MinimumVisualStudioVersion = 10.0.40219.1
Project("{FAE04EC0-301F-11D3-BF4B-00C04F79EFBC}") = "Pesel", "Pesel\Pesel.csproj", "{8C34EAB1-B5BC-425B-B41B-1DE6B73B8374}"
EndProject
Global
	GlobalSection(SolutionConfigurationPlatforms) = preSolution
		Debug|Any CPU = Debug|Any CPU
		Release|Any CPU = Release|Any CPU
	EndGlobalSection
	GlobalSection(ProjectConfigurationPlatforms) = postSolution
		{8C34EAB1-B5BC-425B-B41B-1DE6B73B8374}.Debug|Any CPU.ActiveCfg = Debug|Any CPU
		{8C34EAB1-B5BC-425B-B41B-1DE6B73B8374}.Debug|Any CPU.Build.0 = Debug|Any CPU
		{8C34EAB1-B5BC-425B-B41B-1DE6B73B8374}.Release|Any CPU.ActiveCfg = Release|Any CPU
		{8C34EAB1-B5BC-425B-B41B-1DE6B73B8374}.Release|Any CPU.Build.0 = Release|Any CPU
	EndGlobalSection
	GlobalSection(SolutionProperties) = preSolution
		HideSolutionNode = FALSE
	EndGlobalSection
	GlobalSection(ExtensibilityGlobals) = postSolution
		SolutionGuid = {25A86986-4410-4E24-81CA-4FDA6038F3E8}
	EndGlobalSection
EndGlobal
